
Microsoft Visual Studio Solution File, Format Version 12.00
# Visual Studio Version 17
VisualStudioVersion = 17.8.34330.188
MinimumVisualStudioVersion = 10.0.40219.1
Project("{8BC9CEB8-8B4A-11D0-8D11-00A0C91BC942}") = "Program", "Program.vcxproj", "{3E7B219B-45E7-4BC4-9950-927F4C65C289}"
EndProject
Project("{8BC9CEB8-8B4A-11D0-8D11-00A0C91BC942}") = "Class1th (Compile)", "..\Class1th (Compile)\Class1th (Compile).vcxproj", "{A54FBDB8-F6D8-4BE8-824B-7D22A39810ED}"
EndProject
Project("{8BC9CEB8-8B4A-11D0-8D11-00A0C91BC942}") = "Class2th (Variable)", "..\Class2th (Variable)\Class2th (Variable).vcxproj", "{ED9514A2-DF6C-42BB-9CF5-8149DEDF3B95}"
EndProject
Project("{8BC9CEB8-8B4A-11D0-8D11-00A0C91BC942}") = "Class3th (Bit)", "..\Class3th (Bit)\Class3th (Bit).vcxproj", "{C9B561A2-DE14-4056-ADE5-13DEAD9D3D91}"
EndProject
Project("{8BC9CEB8-8B4A-11D0-8D11-00A0C91BC942}") = "Class6th (Type Conversion)", "..\Class6th (Type Conversion)\Class6th (Type Conversion).vcxproj", "{F05EAC21-237E-4EF5-81E4-AE9958B65C15}"
EndProject
Project("{8BC9CEB8-8B4A-11D0-8D11-00A0C91BC942}") = "Class7th (Iteration Statement)", "..\Class7th (lteration Statement)\Class7th (lteration Statement).vcxproj", "{D7EDA4A4-2C71-499E-A4B3-4266881CA5F8}"
EndProject
Project("{8BC9CEB8-8B4A-11D0-8D11-00A0C91BC942}") = "Class4th ()", "..\Class4th ()\Class4th ().vcxproj", "{A7847654-54B9-4B67-9C2C-CB79A116A9AC}"
EndProject
Project("{8BC9CEB8-8B4A-11D0-8D11-00A0C91BC942}") = "Class5th ()", "..\Class5th ()\Class5th ().vcxproj", "{82EF4E83-D325-40CF-A94F-164E817C0C17}"
EndProject
Project("{8BC9CEB8-8B4A-11D0-8D11-00A0C91BC942}") = "Class8th (Pointer)", "..\Class8th (Pointer)\Class8th (Pointer).vcxproj", "{31738C48-70BE-40E8-BAF7-9B90251B3300}"
EndProject
Project("{8BC9CEB8-8B4A-11D0-8D11-00A0C91BC942}") = "Class9th (Arrangement)", "..\Class9th (Arrangement)\Class9th (Arrangement).vcxproj", "{A53A285B-0371-45B6-BD19-03A853B3665E}"
EndProject
Project("{8BC9CEB8-8B4A-11D0-8D11-00A0C91BC942}") = "Class10th (Function)", "..\Class10th (Function)\Class10th (Function).vcxproj", "{4F466D83-A93F-4BAD-BA70-78F1918268FB}"
EndProject
Project("{8BC9CEB8-8B4A-11D0-8D11-00A0C91BC942}") = "Class11th (Dynamic Allocation)", "..\Class11th (Dynamic Allocation)\Class11th (Dynamic Allocation).vcxproj", "{50CCED68-F8B0-4DEF-8649-B2545EE4F303}"
EndProject
Project("{8BC9CEB8-8B4A-11D0-8D11-00A0C91BC942}") = "Class12th(Struct)", "..\Class12th(Struct)\Class12th(Struct).vcxproj", "{74EE43A4-E164-467A-8BB2-5E1DEA3135D0}"
EndProject
Global
	GlobalSection(SolutionConfigurationPlatforms) = preSolution
		Debug|x64 = Debug|x64
		Debug|x86 = Debug|x86
		Release|x64 = Release|x64
		Release|x86 = Release|x86
	EndGlobalSection
	GlobalSection(ProjectConfigurationPlatforms) = postSolution
		{3E7B219B-45E7-4BC4-9950-927F4C65C289}.Debug|x64.ActiveCfg = Debug|x64
		{3E7B219B-45E7-4BC4-9950-927F4C65C289}.Debug|x64.Build.0 = Debug|x64
		{3E7B219B-45E7-4BC4-9950-927F4C65C289}.Debug|x86.ActiveCfg = Debug|Win32
		{3E7B219B-45E7-4BC4-9950-927F4C65C289}.Debug|x86.Build.0 = Debug|Win32
		{3E7B219B-45E7-4BC4-9950-927F4C65C289}.Release|x64.ActiveCfg = Release|x64
		{3E7B219B-45E7-4BC4-9950-927F4C65C289}.Release|x64.Build.0 = Release|x64
		{3E7B219B-45E7-4BC4-9950-927F4C65C289}.Release|x86.ActiveCfg = Release|Win32
		{3E7B219B-45E7-4BC4-9950-927F4C65C289}.Release|x86.Build.0 = Release|Win32
		{A54FBDB8-F6D8-4BE8-824B-7D22A39810ED}.Debug|x64.ActiveCfg = Debug|x64
		{A54FBDB8-F6D8-4BE8-824B-7D22A39810ED}.Debug|x64.Build.0 = Debug|x64
		{A54FBDB8-F6D8-4BE8-824B-7D22A39810ED}.Debug|x86.ActiveCfg = Debug|Win32
		{A54FBDB8-F6D8-4BE8-824B-7D22A39810ED}.Debug|x86.Build.0 = Debug|Win32
		{A54FBDB8-F6D8-4BE8-824B-7D22A39810ED}.Release|x64.ActiveCfg = Release|x64
		{A54FBDB8-F6D8-4BE8-824B-7D22A39810ED}.Release|x64.Build.0 = Release|x64
		{A54FBDB8-F6D8-4BE8-824B-7D22A39810ED}.Release|x86.ActiveCfg = Release|Win32
		{A54FBDB8-F6D8-4BE8-824B-7D22A39810ED}.Release|x86.Build.0 = Release|Win32
		{ED9514A2-DF6C-42BB-9CF5-8149DEDF3B95}.Debug|x64.ActiveCfg = Debug|x64
		{ED9514A2-DF6C-42BB-9CF5-8149DEDF3B95}.Debug|x64.Build.0 = Debug|x64
		{ED9514A2-DF6C-42BB-9CF5-8149DEDF3B95}.Debug|x86.ActiveCfg = Debug|Win32
		{ED9514A2-DF6C-42BB-9CF5-8149DEDF3B95}.Debug|x86.Build.0 = Debug|Win32
		{ED9514A2-DF6C-42BB-9CF5-8149DEDF3B95}.Release|x64.ActiveCfg = Release|x64
		{ED9514A2-DF6C-42BB-9CF5-8149DEDF3B95}.Release|x64.Build.0 = Release|x64
		{ED9514A2-DF6C-42BB-9CF5-8149DEDF3B95}.Release|x86.ActiveCfg = Release|Win32
		{ED9514A2-DF6C-42BB-9CF5-8149DEDF3B95}.Release|x86.Build.0 = Release|Win32
		{C9B561A2-DE14-4056-ADE5-13DEAD9D3D91}.Debug|x64.ActiveCfg = Debug|x64
		{C9B561A2-DE14-4056-ADE5-13DEAD9D3D91}.Debug|x64.Build.0 = Debug|x64
		{C9B561A2-DE14-4056-ADE5-13DEAD9D3D91}.Debug|x86.ActiveCfg = Debug|Win32
		{C9B561A2-DE14-4056-ADE5-13DEAD9D3D91}.Debug|x86.Build.0 = Debug|Win32
		{C9B561A2-DE14-4056-ADE5-13DEAD9D3D91}.Release|x64.ActiveCfg = Release|x64
		{C9B561A2-DE14-4056-ADE5-13DEAD9D3D91}.Release|x64.Build.0 = Release|x64
		{C9B561A2-DE14-4056-ADE5-13DEAD9D3D91}.Release|x86.ActiveCfg = Release|Win32
		{C9B561A2-DE14-4056-ADE5-13DEAD9D3D91}.Release|x86.Build.0 = Release|Win32
		{F05EAC21-237E-4EF5-81E4-AE9958B65C15}.Debug|x64.ActiveCfg = Debug|x64
		{F05EAC21-237E-4EF5-81E4-AE9958B65C15}.Debug|x64.Build.0 = Debug|x64
		{F05EAC21-237E-4EF5-81E4-AE9958B65C15}.Debug|x86.ActiveCfg = Debug|Win32
		{F05EAC21-237E-4EF5-81E4-AE9958B65C15}.Debug|x86.Build.0 = Debug|Win32
		{F05EAC21-237E-4EF5-81E4-AE9958B65C15}.Release|x64.ActiveCfg = Release|x64
		{F05EAC21-237E-4EF5-81E4-AE9958B65C15}.Release|x64.Build.0 = Release|x64
		{F05EAC21-237E-4EF5-81E4-AE9958B65C15}.Release|x86.ActiveCfg = Release|Win32
		{F05EAC21-237E-4EF5-81E4-AE9958B65C15}.Release|x86.Build.0 = Release|Win32
		{D7EDA4A4-2C71-499E-A4B3-4266881CA5F8}.Debug|x64.ActiveCfg = Debug|x64
		{D7EDA4A4-2C71-499E-A4B3-4266881CA5F8}.Debug|x64.Build.0 = Debug|x64
		{D7EDA4A4-2C71-499E-A4B3-4266881CA5F8}.Debug|x86.ActiveCfg = Debug|Win32
		{D7EDA4A4-2C71-499E-A4B3-4266881CA5F8}.Debug|x86.Build.0 = Debug|Win32
		{D7EDA4A4-2C71-499E-A4B3-4266881CA5F8}.Release|x64.ActiveCfg = Release|x64
		{D7EDA4A4-2C71-499E-A4B3-4266881CA5F8}.Release|x64.Build.0 = Release|x64
		{D7EDA4A4-2C71-499E-A4B3-4266881CA5F8}.Release|x86.ActiveCfg = Release|Win32
		{D7EDA4A4-2C71-499E-A4B3-4266881CA5F8}.Release|x86.Build.0 = Release|Win32
		{A7847654-54B9-4B67-9C2C-CB79A116A9AC}.Debug|x64.ActiveCfg = Debug|x64
		{A7847654-54B9-4B67-9C2C-CB79A116A9AC}.Debug|x64.Build.0 = Debug|x64
		{A7847654-54B9-4B67-9C2C-CB79A116A9AC}.Debug|x86.ActiveCfg = Debug|Win32
		{A7847654-54B9-4B67-9C2C-CB79A116A9AC}.Debug|x86.Build.0 = Debug|Win32
		{A7847654-54B9-4B67-9C2C-CB79A116A9AC}.Release|x64.ActiveCfg = Release|x64
		{A7847654-54B9-4B67-9C2C-CB79A116A9AC}.Release|x64.Build.0 = Release|x64
		{A7847654-54B9-4B67-9C2C-CB79A116A9AC}.Release|x86.ActiveCfg = Release|Win32
		{A7847654-54B9-4B67-9C2C-CB79A116A9AC}.Release|x86.Build.0 = Release|Win32
		{82EF4E83-D325-40CF-A94F-164E817C0C17}.Debug|x64.ActiveCfg = Debug|x64
		{82EF4E83-D325-40CF-A94F-164E817C0C17}.Debug|x64.Build.0 = Debug|x64
		{82EF4E83-D325-40CF-A94F-164E817C0C17}.Debug|x86.ActiveCfg = Debug|Win32
		{82EF4E83-D325-40CF-A94F-164E817C0C17}.Debug|x86.Build.0 = Debug|Win32
		{82EF4E83-D325-40CF-A94F-164E817C0C17}.Release|x64.ActiveCfg = Release|x64
		{82EF4E83-D325-40CF-A94F-164E817C0C17}.Release|x64.Build.0 = Release|x64
		{82EF4E83-D325-40CF-A94F-164E817C0C17}.Release|x86.ActiveCfg = Release|Win32
		{82EF4E83-D325-40CF-A94F-164E817C0C17}.Release|x86.Build.0 = Release|Win32
		{31738C48-70BE-40E8-BAF7-9B90251B3300}.Debug|x64.ActiveCfg = Debug|x64
		{31738C48-70BE-40E8-BAF7-9B90251B3300}.Debug|x64.Build.0 = Debug|x64
		{31738C48-70BE-40E8-BAF7-9B90251B3300}.Debug|x86.ActiveCfg = Debug|Win32
		{31738C48-70BE-40E8-BAF7-9B90251B3300}.Debug|x86.Build.0 = Debug|Win32
		{31738C48-70BE-40E8-BAF7-9B90251B3300}.Release|x64.ActiveCfg = Release|x64
		{31738C48-70BE-40E8-BAF7-9B90251B3300}.Release|x64.Build.0 = Release|x64
		{31738C48-70BE-40E8-BAF7-9B90251B3300}.Release|x86.ActiveCfg = Release|Win32
		{31738C48-70BE-40E8-BAF7-9B90251B3300}.Release|x86.Build.0 = Release|Win32
		{A53A285B-0371-45B6-BD19-03A853B3665E}.Debug|x64.ActiveCfg = Debug|x64
		{A53A285B-0371-45B6-BD19-03A853B3665E}.Debug|x64.Build.0 = Debug|x64
		{A53A285B-0371-45B6-BD19-03A853B3665E}.Debug|x86.ActiveCfg = Debug|Win32
		{A53A285B-0371-45B6-BD19-03A853B3665E}.Debug|x86.Build.0 = Debug|Win32
		{A53A285B-0371-45B6-BD19-03A853B3665E}.Release|x64.ActiveCfg = Release|x64
		{A53A285B-0371-45B6-BD19-03A853B3665E}.Release|x64.Build.0 = Release|x64
		{A53A285B-0371-45B6-BD19-03A853B3665E}.Release|x86.ActiveCfg = Release|Win32
		{A53A285B-0371-45B6-BD19-03A853B3665E}.Release|x86.Build.0 = Release|Win32
		{4F466D83-A93F-4BAD-BA70-78F1918268FB}.Debug|x64.ActiveCfg = Debug|x64
		{4F466D83-A93F-4BAD-BA70-78F1918268FB}.Debug|x64.Build.0 = Debug|x64
		{4F466D83-A93F-4BAD-BA70-78F1918268FB}.Debug|x86.ActiveCfg = Debug|Win32
		{4F466D83-A93F-4BAD-BA70-78F1918268FB}.Debug|x86.Build.0 = Debug|Win32
		{4F466D83-A93F-4BAD-BA70-78F1918268FB}.Release|x64.ActiveCfg = Release|x64
		{4F466D83-A93F-4BAD-BA70-78F1918268FB}.Release|x64.Build.0 = Release|x64
		{4F466D83-A93F-4BAD-BA70-78F1918268FB}.Release|x86.ActiveCfg = Release|Win32
		{4F466D83-A93F-4BAD-BA70-78F1918268FB}.Release|x86.Build.0 = Release|Win32
		{50CCED68-F8B0-4DEF-8649-B2545EE4F303}.Debug|x64.ActiveCfg = Debug|x64
		{50CCED68-F8B0-4DEF-8649-B2545EE4F303}.Debug|x64.Build.0 = Debug|x64
		{50CCED68-F8B0-4DEF-8649-B2545EE4F303}.Debug|x86.ActiveCfg = Debug|Win32
		{50CCED68-F8B0-4DEF-8649-B2545EE4F303}.Debug|x86.Build.0 = Debug|Win32
		{50CCED68-F8B0-4DEF-8649-B2545EE4F303}.Release|x64.ActiveCfg = Release|x64
		{50CCED68-F8B0-4DEF-8649-B2545EE4F303}.Release|x64.Build.0 = Release|x64
		{50CCED68-F8B0-4DEF-8649-B2545EE4F303}.Release|x86.ActiveCfg = Release|Win32
		{50CCED68-F8B0-4DEF-8649-B2545EE4F303}.Release|x86.Build.0 = Release|Win32
		{74EE43A4-E164-467A-8BB2-5E1DEA3135D0}.Debug|x64.ActiveCfg = Debug|x64
		{74EE43A4-E164-467A-8BB2-5E1DEA3135D0}.Debug|x64.Build.0 = Debug|x64
		{74EE43A4-E164-467A-8BB2-5E1DEA3135D0}.Debug|x86.ActiveCfg = Debug|Win32
		{74EE43A4-E164-467A-8BB2-5E1DEA3135D0}.Debug|x86.Build.0 = Debug|Win32
		{74EE43A4-E164-467A-8BB2-5E1DEA3135D0}.Release|x64.ActiveCfg = Release|x64
		{74EE43A4-E164-467A-8BB2-5E1DEA3135D0}.Release|x64.Build.0 = Release|x64
		{74EE43A4-E164-467A-8BB2-5E1DEA3135D0}.Release|x86.ActiveCfg = Release|Win32
		{74EE43A4-E164-467A-8BB2-5E1DEA3135D0}.Release|x86.Build.0 = Release|Win32
	EndGlobalSection
	GlobalSection(SolutionProperties) = preSolution
		HideSolutionNode = FALSE
	EndGlobalSection
	GlobalSection(ExtensibilityGlobals) = postSolution
		SolutionGuid = {E7C72030-5F2D-460B-95CA-93B9A3DE8ECD}
	EndGlobalSection
EndGlobal
